// !$*UTF8*$!
{
	archiveVersion = 1;
	classes = {
	};
	objectVersion = 56;
	objects = {

/* Begin PBXBuildFile section */
		02AE40232C72B6B7007D9AC0 /* PrototypeApp.swift in Sources */ = {isa = PBXBuildFile; fileRef = 02AE40222C72B6B7007D9AC0 /* PrototypeApp.swift */; };
		02AE40252C72B6B7007D9AC0 /* ContentView.swift in Sources */ = {isa = PBXBuildFile; fileRef = 02AE40242C72B6B7007D9AC0 /* ContentView.swift */; };
		02AE40272C72B6B7007D9AC0 /* Item.swift in Sources */ = {isa = PBXBuildFile; fileRef = 02AE40262C72B6B7007D9AC0 /* Item.swift */; };
		02AE40292C72B6B9007D9AC0 /* Assets.xcassets in Resources */ = {isa = PBXBuildFile; fileRef = 02AE40282C72B6B9007D9AC0 /* Assets.xcassets */; };
		02AE402C2C72B6B9007D9AC0 /* Preview Assets.xcassets in Resources */ = {isa = PBXBuildFile; fileRef = 02AE402B2C72B6B9007D9AC0 /* Preview Assets.xcassets */; };
		02AE40362C72B6B9007D9AC0 /* PrototypeTests.swift in Sources */ = {isa = PBXBuildFile; fileRef = 02AE40352C72B6B9007D9AC0 /* PrototypeTests.swift */; };
		02AE40402C72B6B9007D9AC0 /* PrototypeUITests.swift in Sources */ = {isa = PBXBuildFile; fileRef = 02AE403F2C72B6B9007D9AC0 /* PrototypeUITests.swift */; };
		02AE40422C72B6B9007D9AC0 /* PrototypeUITestsLaunchTests.swift in Sources */ = {isa = PBXBuildFile; fileRef = 02AE40412C72B6B9007D9AC0 /* PrototypeUITestsLaunchTests.swift */; };
/* End PBXBuildFile section */

/* Begin PBXContainerItemProxy section */
		02AE40322C72B6B9007D9AC0 /* PBXContainerItemProxy */ = {
			isa = PBXContainerItemProxy;
			containerPortal = 02AE40172C72B6B7007D9AC0 /* Project object */;
			proxyType = 1;
			remoteGlobalIDString = 02AE401E2C72B6B7007D9AC0;
			remoteInfo = Prototype;
		};
		02AE403C2C72B6B9007D9AC0 /* PBXContainerItemProxy */ = {
			isa = PBXContainerItemProxy;
			containerPortal = 02AE40172C72B6B7007D9AC0 /* Project object */;
			proxyType = 1;
			remoteGlobalIDString = 02AE401E2C72B6B7007D9AC0;
			remoteInfo = Prototype;
		};
/* End PBXContainerItemProxy section */

/* Begin PBXFileReference section */
		02AE401F2C72B6B7007D9AC0 /* Prototype.app */ = {isa = PBXFileReference; explicitFileType = wrapper.application; includeInIndex = 0; path = Prototype.app; sourceTree = BUILT_PRODUCTS_DIR; };
		02AE40222C72B6B7007D9AC0 /* PrototypeApp.swift */ = {isa = PBXFileReference; lastKnownFileType = sourcecode.swift; path = PrototypeApp.swift; sourceTree = "<group>"; };
		02AE40242C72B6B7007D9AC0 /* ContentView.swift */ = {isa = PBXFileReference; lastKnownFileType = sourcecode.swift; path = ContentView.swift; sourceTree = "<group>"; };
		02AE40262C72B6B7007D9AC0 /* Item.swift */ = {isa = PBXFileReference; lastKnownFileType = sourcecode.swift; path = Item.swift; sourceTree = "<group>"; };
		02AE40282C72B6B9007D9AC0 /* Assets.xcassets */ = {isa = PBXFileReference; lastKnownFileType = folder.assetcatalog; path = Assets.xcassets; sourceTree = "<group>"; };
		02AE402B2C72B6B9007D9AC0 /* Preview Assets.xcassets */ = {isa = PBXFileReference; lastKnownFileType = folder.assetcatalog; path = "Preview Assets.xcassets"; sourceTree = "<group>"; };
		02AE40312C72B6B9007D9AC0 /* PrototypeTests.xctest */ = {isa = PBXFileReference; explicitFileType = wrapper.cfbundle; includeInIndex = 0; path = PrototypeTests.xctest; sourceTree = BUILT_PRODUCTS_DIR; };
		02AE40352C72B6B9007D9AC0 /* PrototypeTests.swift */ = {isa = PBXFileReference; lastKnownFileType = sourcecode.swift; path = PrototypeTests.swift; sourceTree = "<group>"; };
		02AE403B2C72B6B9007D9AC0 /* PrototypeUITests.xctest */ = {isa = PBXFileReference; explicitFileType = wrapper.cfbundle; includeInIndex = 0; path = PrototypeUITests.xctest; sourceTree = BUILT_PRODUCTS_DIR; };
		02AE403F2C72B6B9007D9AC0 /* PrototypeUITests.swift */ = {isa = PBXFileReference; lastKnownFileType = sourcecode.swift; path = PrototypeUITests.swift; sourceTree = "<group>"; };
		02AE40412C72B6B9007D9AC0 /* PrototypeUITestsLaunchTests.swift */ = {isa = PBXFileReference; lastKnownFileType = sourcecode.swift; path = PrototypeUITestsLaunchTests.swift; sourceTree = "<group>"; };
/* End PBXFileReference section */

/* Begin PBXFrameworksBuildPhase section */
		02AE401C2C72B6B7007D9AC0 /* Frameworks */ = {
			isa = PBXFrameworksBuildPhase;
			buildActionMask = 2147483647;
			files = (
			);
			runOnlyForDeploymentPostprocessing = 0;
		};
		02AE402E2C72B6B9007D9AC0 /* Frameworks */ = {
			isa = PBXFrameworksBuildPhase;
			buildActionMask = 2147483647;
			files = (
			);
			runOnlyForDeploymentPostprocessing = 0;
		};
		02AE40382C72B6B9007D9AC0 /* Frameworks */ = {
			isa = PBXFrameworksBuildPhase;
			buildActionMask = 2147483647;
			files = (
			);
			runOnlyForDeploymentPostprocessing = 0;
		};
/* End PBXFrameworksBuildPhase section */

/* Begin PBXGroup section */
		02AE40162C72B6B7007D9AC0 = {
			isa = PBXGroup;
			children = (
				02AE40212C72B6B7007D9AC0 /* Prototype */,
				02AE40342C72B6B9007D9AC0 /* PrototypeTests */,
				02AE403E2C72B6B9007D9AC0 /* PrototypeUITests */,
				02AE40202C72B6B7007D9AC0 /* Products */,
			);
			sourceTree = "<group>";
		};
		02AE40202C72B6B7007D9AC0 /* Products */ = {
			isa = PBXGroup;
			children = (
				02AE401F2C72B6B7007D9AC0 /* Prototype.app */,
				02AE40312C72B6B9007D9AC0 /* PrototypeTests.xctest */,
				02AE403B2C72B6B9007D9AC0 /* PrototypeUITests.xctest */,
			);
			name = Products;
			sourceTree = "<group>";
		};
		02AE40212C72B6B7007D9AC0 /* Prototype */ = {
			isa = PBXGroup;
			children = (
				02AE40222C72B6B7007D9AC0 /* PrototypeApp.swift */,
				02AE40242C72B6B7007D9AC0 /* ContentView.swift */,
				02AE40262C72B6B7007D9AC0 /* Item.swift */,
				02AE40282C72B6B9007D9AC0 /* Assets.xcassets */,
				02AE402A2C72B6B9007D9AC0 /* Preview Content */,
			);
			path = Prototype;
			sourceTree = "<group>";
		};
		02AE402A2C72B6B9007D9AC0 /* Preview Content */ = {
			isa = PBXGroup;
			children = (
				02AE402B2C72B6B9007D9AC0 /* Preview Assets.xcassets */,
			);
			path = "Preview Content";
			sourceTree = "<group>";
		};
		02AE40342C72B6B9007D9AC0 /* PrototypeTests */ = {
			isa = PBXGroup;
			children = (
				02AE40352C72B6B9007D9AC0 /* PrototypeTests.swift */,
			);
			path = PrototypeTests;
			sourceTree = "<group>";
		};
		02AE403E2C72B6B9007D9AC0 /* PrototypeUITests */ = {
			isa = PBXGroup;
			children = (
				02AE403F2C72B6B9007D9AC0 /* PrototypeUITests.swift */,
				02AE40412C72B6B9007D9AC0 /* PrototypeUITestsLaunchTests.swift */,
			);
			path = PrototypeUITests;
			sourceTree = "<group>";
		};
/* End PBXGroup section */

/* Begin PBXNativeTarget section */
		02AE401E2C72B6B7007D9AC0 /* Prototype */ = {
			isa = PBXNativeTarget;
			buildConfigurationList = 02AE40452C72B6B9007D9AC0 /* Build configuration list for PBXNativeTarget "Prototype" */;
			buildPhases = (
				02AE401B2C72B6B7007D9AC0 /* Sources */,
				02AE401C2C72B6B7007D9AC0 /* Frameworks */,
				02AE401D2C72B6B7007D9AC0 /* Resources */,
			);
			buildRules = (
			);
			dependencies = (
			);
			name = Prototype;
			productName = Prototype;
			productReference = 02AE401F2C72B6B7007D9AC0 /* Prototype.app */;
			productType = "com.apple.product-type.application";
		};
		02AE40302C72B6B9007D9AC0 /* PrototypeTests */ = {
			isa = PBXNativeTarget;
			buildConfigurationList = 02AE40482C72B6B9007D9AC0 /* Build configuration list for PBXNativeTarget "PrototypeTests" */;
			buildPhases = (
				02AE402D2C72B6B9007D9AC0 /* Sources */,
				02AE402E2C72B6B9007D9AC0 /* Frameworks */,
				02AE402F2C72B6B9007D9AC0 /* Resources */,
			);
			buildRules = (
			);
			dependencies = (
				02AE40332C72B6B9007D9AC0 /* PBXTargetDependency */,
			);
			name = PrototypeTests;
			productName = PrototypeTests;
			productReference = 02AE40312C72B6B9007D9AC0 /* PrototypeTests.xctest */;
			productType = "com.apple.product-type.bundle.unit-test";
		};
		02AE403A2C72B6B9007D9AC0 /* PrototypeUITests */ = {
			isa = PBXNativeTarget;
			buildConfigurationList = 02AE404B2C72B6B9007D9AC0 /* Build configuration list for PBXNativeTarget "PrototypeUITests" */;
			buildPhases = (
				02AE40372C72B6B9007D9AC0 /* Sources */,
				02AE40382C72B6B9007D9AC0 /* Frameworks */,
				02AE40392C72B6B9007D9AC0 /* Resources */,
			);
			buildRules = (
			);
			dependencies = (
				02AE403D2C72B6B9007D9AC0 /* PBXTargetDependency */,
			);
			name = PrototypeUITests;
			productName = PrototypeUITests;
			productReference = 02AE403B2C72B6B9007D9AC0 /* PrototypeUITests.xctest */;
			productType = "com.apple.product-type.bundle.ui-testing";
		};
/* End PBXNativeTarget section */

/* Begin PBXProject section */
		02AE40172C72B6B7007D9AC0 /* Project object */ = {
			isa = PBXProject;
			attributes = {
				BuildIndependentTargetsInParallel = 1;
				LastSwiftUpdateCheck = 1540;
				LastUpgradeCheck = 1540;
				TargetAttributes = {
					02AE401E2C72B6B7007D9AC0 = {
						CreatedOnToolsVersion = 15.4;
					};
					02AE40302C72B6B9007D9AC0 = {
						CreatedOnToolsVersion = 15.4;
						TestTargetID = 02AE401E2C72B6B7007D9AC0;
					};
					02AE403A2C72B6B9007D9AC0 = {
						CreatedOnToolsVersion = 15.4;
						TestTargetID = 02AE401E2C72B6B7007D9AC0;
					};
				};
			};
			buildConfigurationList = 02AE401A2C72B6B7007D9AC0 /* Build configuration list for PBXProject "Prototype" */;
			compatibilityVersion = "Xcode 14.0";
			developmentRegion = en;
			hasScannedForEncodings = 0;
			knownRegions = (
				en,
				Base,
			);
			mainGroup = 02AE40162C72B6B7007D9AC0;
			productRefGroup = 02AE40202C72B6B7007D9AC0 /* Products */;
			projectDirPath = "";
			projectRoot = "";
			targets = (
				02AE401E2C72B6B7007D9AC0 /* Prototype */,
				02AE40302C72B6B9007D9AC0 /* PrototypeTests */,
				02AE403A2C72B6B9007D9AC0 /* PrototypeUITests */,
			);
		};
/* End PBXProject section */

/* Begin PBXResourcesBuildPhase section */
		02AE401D2C72B6B7007D9AC0 /* Resources */ = {
			isa = PBXResourcesBuildPhase;
			buildActionMask = 2147483647;
			files = (
				02AE402C2C72B6B9007D9AC0 /* Preview Assets.xcassets in Resources */,
				02AE40292C72B6B9007D9AC0 /* Assets.xcassets in Resources */,
			);
			runOnlyForDeploymentPostprocessing = 0;
		};
		02AE402F2C72B6B9007D9AC0 /* Resources */ = {
			isa = PBXResourcesBuildPhase;
			buildActionMask = 2147483647;
			files = (
			);
			runOnlyForDeploymentPostprocessing = 0;
		};
		02AE40392C72B6B9007D9AC0 /* Resources */ = {
			isa = PBXResourcesBuildPhase;
			buildActionMask = 2147483647;
			files = (
			);
			runOnlyForDeploymentPostprocessing = 0;
		};
/* End PBXResourcesBuildPhase section */

/* Begin PBXSourcesBuildPhase section */
		02AE401B2C72B6B7007D9AC0 /* Sources */ = {
			isa = PBXSourcesBuildPhase;
			buildActionMask = 2147483647;
			files = (
				02AE40252C72B6B7007D9AC0 /* ContentView.swift in Sources */,
				02AE40272C72B6B7007D9AC0 /* Item.swift in Sources */,
				02AE40232C72B6B7007D9AC0 /* PrototypeApp.swift in Sources */,
			);
			runOnlyForDeploymentPostprocessing = 0;
		};
		02AE402D2C72B6B9007D9AC0 /* Sources */ = {
			isa = PBXSourcesBuildPhase;
			buildActionMask = 2147483647;
			files = (
				02AE40362C72B6B9007D9AC0 /* PrototypeTests.swift in Sources */,
			);
			runOnlyForDeploymentPostprocessing = 0;
		};
		02AE40372C72B6B9007D9AC0 /* Sources */ = {
			isa = PBXSourcesBuildPhase;
			buildActionMask = 2147483647;
			files = (
				02AE40402C72B6B9007D9AC0 /* PrototypeUITests.swift in Sources */,
				02AE40422C72B6B9007D9AC0 /* PrototypeUITestsLaunchTests.swift in Sources */,
			);
			runOnlyForDeploymentPostprocessing = 0;
		};
/* End PBXSourcesBuildPhase section */

/* Begin PBXTargetDependency section */
		02AE40332C72B6B9007D9AC0 /* PBXTargetDependency */ = {
			isa = PBXTargetDependency;
			target = 02AE401E2C72B6B7007D9AC0 /* Prototype */;
			targetProxy = 02AE40322C72B6B9007D9AC0 /* PBXContainerItemProxy */;
		};
		02AE403D2C72B6B9007D9AC0 /* PBXTargetDependency */ = {
			isa = PBXTargetDependency;
			target = 02AE401E2C72B6B7007D9AC0 /* Prototype */;
			targetProxy = 02AE403C2C72B6B9007D9AC0 /* PBXContainerItemProxy */;
		};
/* End PBXTargetDependency section */

/* Begin XCBuildConfiguration section */
		02AE40432C72B6B9007D9AC0 /* Debug */ = {
			isa = XCBuildConfiguration;
			buildSettings = {
				ALWAYS_SEARCH_USER_PATHS = NO;
				ASSETCATALOG_COMPILER_GENERATE_SWIFT_ASSET_SYMBOL_EXTENSIONS = YES;
				CLANG_ANALYZER_NONNULL = YES;
				CLANG_ANALYZER_NUMBER_OBJECT_CONVERSION = YES_AGGRESSIVE;
				CLANG_CXX_LANGUAGE_STANDARD = "gnu++20";
				CLANG_ENABLE_MODULES = YES;
				CLANG_ENABLE_OBJC_ARC = YES;
				CLANG_ENABLE_OBJC_WEAK = YES;
				CLANG_WARN_BLOCK_CAPTURE_AUTORELEASING = YES;
				CLANG_WARN_BOOL_CONVERSION = YES;
				CLANG_WARN_COMMA = YES;
				CLANG_WARN_CONSTANT_CONVERSION = YES;
				CLANG_WARN_DEPRECATED_OBJC_IMPLEMENTATIONS = YES;
				CLANG_WARN_DIRECT_OBJC_ISA_USAGE = YES_ERROR;
				CLANG_WARN_DOCUMENTATION_COMMENTS = YES;
				CLANG_WARN_EMPTY_BODY = YES;
				CLANG_WARN_ENUM_CONVERSION = YES;
				CLANG_WARN_INFINITE_RECURSION = YES;
				CLANG_WARN_INT_CONVERSION = YES;
				CLANG_WARN_NON_LITERAL_NULL_CONVERSION = YES;
				CLANG_WARN_OBJC_IMPLICIT_RETAIN_SELF = YES;
				CLANG_WARN_OBJC_LITERAL_CONVERSION = YES;
				CLANG_WARN_OBJC_ROOT_CLASS = YES_ERROR;
				CLANG_WARN_QUOTED_INCLUDE_IN_FRAMEWORK_HEADER = YES;
				CLANG_WARN_RANGE_LOOP_ANALYSIS = YES;
				CLANG_WARN_STRICT_PROTOTYPES = YES;
				CLANG_WARN_SUSPICIOUS_MOVE = YES;
				CLANG_WARN_UNGUARDED_AVAILABILITY = YES_AGGRESSIVE;
				CLANG_WARN_UNREACHABLE_CODE = YES;
				CLANG_WARN__DUPLICATE_METHOD_MATCH = YES;
				COPY_PHASE_STRIP = NO;
				DEBUG_INFORMATION_FORMAT = dwarf;
				ENABLE_STRICT_OBJC_MSGSEND = YES;
				ENABLE_TESTABILITY = YES;
				ENABLE_USER_SCRIPT_SANDBOXING = YES;
				GCC_C_LANGUAGE_STANDARD = gnu17;
				GCC_DYNAMIC_NO_PIC = NO;
				GCC_NO_COMMON_BLOCKS = YES;
				GCC_OPTIMIZATION_LEVEL = 0;
				GCC_PREPROCESSOR_DEFINITIONS = (
					"DEBUG=1",
					"$(inherited)",
				);
				GCC_WARN_64_TO_32_BIT_CONVERSION = YES;
				GCC_WARN_ABOUT_RETURN_TYPE = YES_ERROR;
				GCC_WARN_UNDECLARED_SELECTOR = YES;
				GCC_WARN_UNINITIALIZED_AUTOS = YES_AGGRESSIVE;
				GCC_WARN_UNUSED_FUNCTION = YES;
				GCC_WARN_UNUSED_VARIABLE = YES;
				IPHONEOS_DEPLOYMENT_TARGET = 17.5;
				LOCALIZATION_PREFERS_STRING_CATALOGS = YES;
				MTL_ENABLE_DEBUG_INFO = INCLUDE_SOURCE;
				MTL_FAST_MATH = YES;
				ONLY_ACTIVE_ARCH = YES;
				SDKROOT = iphoneos;
				SWIFT_ACTIVE_COMPILATION_CONDITIONS = "DEBUG $(inherited)";
				SWIFT_OPTIMIZATION_LEVEL = "-Onone";
			};
			name = Debug;
		};
		02AE40442C72B6B9007D9AC0 /* Release */ = {
			isa = XCBuildConfiguration;
			buildSettings = {
				ALWAYS_SEARCH_USER_PATHS = NO;
				ASSETCATALOG_COMPILER_GENERATE_SWIFT_ASSET_SYMBOL_EXTENSIONS = YES;
				CLANG_ANALYZER_NONNULL = YES;
				CLANG_ANALYZER_NUMBER_OBJECT_CONVERSION = YES_AGGRESSIVE;
				CLANG_CXX_LANGUAGE_STANDARD = "gnu++20";
				CLANG_ENABLE_MODULES = YES;
				CLANG_ENABLE_OBJC_ARC = YES;
				CLANG_ENABLE_OBJC_WEAK = YES;
				CLANG_WARN_BLOCK_CAPTURE_AUTORELEASING = YES;
				CLANG_WARN_BOOL_CONVERSION = YES;
				CLANG_WARN_COMMA = YES;
				CLANG_WARN_CONSTANT_CONVERSION = YES;
				CLANG_WARN_DEPRECATED_OBJC_IMPLEMENTATIONS = YES;
				CLANG_WARN_DIRECT_OBJC_ISA_USAGE = YES_ERROR;
				CLANG_WARN_DOCUMENTATION_COMMENTS = YES;
				CLANG_WARN_EMPTY_BODY = YES;
				CLANG_WARN_ENUM_CONVERSION = YES;
				CLANG_WARN_INFINITE_RECURSION = YES;
				CLANG_WARN_INT_CONVERSION = YES;
				CLANG_WARN_NON_LITERAL_NULL_CONVERSION = YES;
				CLANG_WARN_OBJC_IMPLICIT_RETAIN_SELF = YES;
				CLANG_WARN_OBJC_LITERAL_CONVERSION = YES;
				CLANG_WARN_OBJC_ROOT_CLASS = YES_ERROR;
				CLANG_WARN_QUOTED_INCLUDE_IN_FRAMEWORK_HEADER = YES;
				CLANG_WARN_RANGE_LOOP_ANALYSIS = YES;
				CLANG_WARN_STRICT_PROTOTYPES = YES;
				CLANG_WARN_SUSPICIOUS_MOVE = YES;
				CLANG_WARN_UNGUARDED_AVAILABILITY = YES_AGGRESSIVE;
				CLANG_WARN_UNREACHABLE_CODE = YES;
				CLANG_WARN__DUPLICATE_METHOD_MATCH = YES;
				COPY_PHASE_STRIP = NO;
				DEBUG_INFORMATION_FORMAT = "dwarf-with-dsym";
				ENABLE_NS_ASSERTIONS = NO;
				ENABLE_STRICT_OBJC_MSGSEND = YES;
				ENABLE_USER_SCRIPT_SANDBOXING = YES;
				GCC_C_LANGUAGE_STANDARD = gnu17;
				GCC_NO_COMMON_BLOCKS = YES;
				GCC_WARN_64_TO_32_BIT_CONVERSION = YES;
				GCC_WARN_ABOUT_RETURN_TYPE = YES_ERROR;
				GCC_WARN_UNDECLARED_SELECTOR = YES;
				GCC_WARN_UNINITIALIZED_AUTOS = YES_AGGRESSIVE;
				GCC_WARN_UNUSED_FUNCTION = YES;
				GCC_WARN_UNUSED_VARIABLE = YES;
				IPHONEOS_DEPLOYMENT_TARGET = 17.5;
				LOCALIZATION_PREFERS_STRING_CATALOGS = YES;
				MTL_ENABLE_DEBUG_INFO = NO;
				MTL_FAST_MATH = YES;
				SDKROOT = iphoneos;
				SWIFT_COMPILATION_MODE = wholemodule;
				VALIDATE_PRODUCT = YES;
			};
			name = Release;
		};
		02AE40462C72B6B9007D9AC0 /* Debug */ = {
			isa = XCBuildConfiguration;
			buildSettings = {
				ASSETCATALOG_COMPILER_APPICON_NAME = AppIcon;
				ASSETCATALOG_COMPILER_GLOBAL_ACCENT_COLOR_NAME = AccentColor;
				CODE_SIGN_STYLE = Automatic;
				CURRENT_PROJECT_VERSION = 1;
				DEVELOPMENT_ASSET_PATHS = "\"Prototype/Preview Content\"";
				DEVELOPMENT_TEAM = BLXBXNCAN4;
				ENABLE_PREVIEWS = YES;
				GENERATE_INFOPLIST_FILE = YES;
				INFOPLIST_KEY_UIApplicationSceneManifest_Generation = YES;
				INFOPLIST_KEY_UIApplicationSupportsIndirectInputEvents = YES;
				INFOPLIST_KEY_UILaunchScreen_Generation = YES;
				INFOPLIST_KEY_UISupportedInterfaceOrientations_iPad = "UIInterfaceOrientationPortrait UIInterfaceOrientationPortraitUpsideDown UIInterfaceOrientationLandscapeLeft UIInterfaceOrientationLandscapeRight";
				INFOPLIST_KEY_UISupportedInterfaceOrientations_iPhone = "UIInterfaceOrientationPortrait UIInterfaceOrientationLandscapeLeft UIInterfaceOrientationLandscapeRight";
				LD_RUNPATH_SEARCH_PATHS = (
					"$(inherited)",
					"@executable_path/Frameworks",
				);
				MARKETING_VERSION = 1.0;
				PRODUCT_BUNDLE_IDENTIFIER = Proto.com.Prototype;
				PRODUCT_NAME = "$(TARGET_NAME)";
				SWIFT_EMIT_LOC_STRINGS = YES;
				SWIFT_VERSION = 5.0;
				TARGETED_DEVICE_FAMILY = "1,2";
			};
			name = Debug;
		};
		02AE40472C72B6B9007D9AC0 /* Release */ = {
			isa = XCBuildConfiguration;
			buildSettings = {
				ASSETCATALOG_COMPILER_APPICON_NAME = AppIcon;
				ASSETCATALOG_COMPILER_GLOBAL_ACCENT_COLOR_NAME = AccentColor;
				CODE_SIGN_STYLE = Automatic;
				CURRENT_PROJECT_VERSION = 1;
				DEVELOPMENT_ASSET_PATHS = "\"Prototype/Preview Content\"";
				DEVELOPMENT_TEAM = BLXBXNCAN4;
				ENABLE_PREVIEWS = YES;
				GENERATE_INFOPLIST_FILE = YES;
				INFOPLIST_KEY_UIApplicationSceneManifest_Generation = YES;
				INFOPLIST_KEY_UIApplicationSupportsIndirectInputEvents = YES;
				INFOPLIST_KEY_UILaunchScreen_Generation = YES;
				INFOPLIST_KEY_UISupportedInterfaceOrientations_iPad = "UIInterfaceOrientationPortrait UIInterfaceOrientationPortraitUpsideDown UIInterfaceOrientationLandscapeLeft UIInterfaceOrientationLandscapeRight";
				INFOPLIST_KEY_UISupportedInterfaceOrientations_iPhone = "UIInterfaceOrientationPortrait UIInterfaceOrientationLandscapeLeft UIInterfaceOrientationLandscapeRight";
				LD_RUNPATH_SEARCH_PATHS = (
					"$(inherited)",
					"@executable_path/Frameworks",
				);
				MARKETING_VERSION = 1.0;
				PRODUCT_BUNDLE_IDENTIFIER = Proto.com.Prototype;
				PRODUCT_NAME = "$(TARGET_NAME)";
				SWIFT_EMIT_LOC_STRINGS = YES;
				SWIFT_VERSION = 5.0;
				TARGETED_DEVICE_FAMILY = "1,2";
			};
			name = Release;
		};
		02AE40492C72B6B9007D9AC0 /* Debug */ = {
			isa = XCBuildConfiguration;
			buildSettings = {
				ALWAYS_EMBED_SWIFT_STANDARD_LIBRARIES = YES;
				BUNDLE_LOADER = "$(TEST_HOST)";
				CODE_SIGN_STYLE = Automatic;
				CURRENT_PROJECT_VERSION = 1;
				DEVELOPMENT_TEAM = BLXBXNCAN4;
				GENERATE_INFOPLIST_FILE = YES;
				IPHONEOS_DEPLOYMENT_TARGET = 17.5;
				MARKETING_VERSION = 1.0;
				PRODUCT_BUNDLE_IDENTIFIER = Proto.com.PrototypeTests;
				PRODUCT_NAME = "$(TARGET_NAME)";
				SWIFT_EMIT_LOC_STRINGS = NO;
				SWIFT_VERSION = 5.0;
				TARGETED_DEVICE_FAMILY = "1,2";
				TEST_HOST = "$(BUILT_PRODUCTS_DIR)/Prototype.app/$(BUNDLE_EXECUTABLE_FOLDER_PATH)/Prototype";
			};
			name = Debug;
		};
		02AE404A2C72B6B9007D9AC0 /* Release */ = {
			isa = XCBuildConfiguration;
			buildSettings = {
				ALWAYS_EMBED_SWIFT_STANDARD_LIBRARIES = YES;
				BUNDLE_LOADER = "$(TEST_HOST)";
				CODE_SIGN_STYLE = Automatic;
				CURRENT_PROJECT_VERSION = 1;
				DEVELOPMENT_TEAM = BLXBXNCAN4;
				GENERATE_INFOPLIST_FILE = YES;
				IPHONEOS_DEPLOYMENT_TARGET = 17.5;
				MARKETING_VERSION = 1.0;
				PRODUCT_BUNDLE_IDENTIFIER = Proto.com.PrototypeTests;
				PRODUCT_NAME = "$(TARGET_NAME)";
				SWIFT_EMIT_LOC_STRINGS = NO;
				SWIFT_VERSION = 5.0;
				TARGETED_DEVICE_FAMILY = "1,2";
				TEST_HOST = "$(BUILT_PRODUCTS_DIR)/Prototype.app/$(BUNDLE_EXECUTABLE_FOLDER_PATH)/Prototype";
			};
			name = Release;
		};
		02AE404C2C72B6B9007D9AC0 /* Debug */ = {
			isa = XCBuildConfiguration;
			buildSettings = {
				ALWAYS_EMBED_SWIFT_STANDARD_LIBRARIES = YES;
				CODE_SIGN_STYLE = Automatic;
				CURRENT_PROJECT_VERSION = 1;
				DEVELOPMENT_TEAM = BLXBXNCAN4;
				GENERATE_INFOPLIST_FILE = YES;
				MARKETING_VERSION = 1.0;
				PRODUCT_BUNDLE_IDENTIFIER = Proto.com.PrototypeUITests;
				PRODUCT_NAME = "$(TARGET_NAME)";
				SWIFT_EMIT_LOC_STRINGS = NO;
				SWIFT_VERSION = 5.0;
				TARGETED_DEVICE_FAMILY = "1,2";
				TEST_TARGET_NAME = Prototype;
			};
			name = Debug;
		};
		02AE404D2C72B6B9007D9AC0 /* Release */ = {
			isa = XCBuildConfiguration;
			buildSettings = {
				ALWAYS_EMBED_SWIFT_STANDARD_LIBRARIES = YES;
				CODE_SIGN_STYLE = Automatic;
				CURRENT_PROJECT_VERSION = 1;
				DEVELOPMENT_TEAM = BLXBXNCAN4;
				GENERATE_INFOPLIST_FILE = YES;
				MARKETING_VERSION = 1.0;
				PRODUCT_BUNDLE_IDENTIFIER = Proto.com.PrototypeUITests;
				PRODUCT_NAME = "$(TARGET_NAME)";
				SWIFT_EMIT_LOC_STRINGS = NO;
				SWIFT_VERSION = 5.0;
				TARGETED_DEVICE_FAMILY = "1,2";
				TEST_TARGET_NAME = Prototype;
			};
			name = Release;
		};
/* End XCBuildConfiguration section */

/* Begin XCConfigurationList section */
		02AE401A2C72B6B7007D9AC0 /* Build configuration list for PBXProject "Prototype" */ = {
			isa = XCConfigurationList;
			buildConfigurations = (
				02AE40432C72B6B9007D9AC0 /* Debug */,
				02AE40442C72B6B9007D9AC0 /* Release */,
			);
			defaultConfigurationIsVisible = 0;
			defaultConfigurationName = Release;
		};
		02AE40452C72B6B9007D9AC0 /* Build configuration list for PBXNativeTarget "Prototype" */ = {
			isa = XCConfigurationList;
			buildConfigurations = (
				02AE40462C72B6B9007D9AC0 /* Debug */,
				02AE40472C72B6B9007D9AC0 /* Release */,
			);
			defaultConfigurationIsVisible = 0;
			defaultConfigurationName = Release;
		};
		02AE40482C72B6B9007D9AC0 /* Build configuration list for PBXNativeTarget "PrototypeTests" */ = {
			isa = XCConfigurationList;
			buildConfigurations = (
				02AE40492C72B6B9007D9AC0 /* Debug */,
				02AE404A2C72B6B9007D9AC0 /* Release */,
			);
			defaultConfigurationIsVisible = 0;
			defaultConfigurationName = Release;
		};
		02AE404B2C72B6B9007D9AC0 /* Build configuration list for PBXNativeTarget "PrototypeUITests" */ = {
			isa = XCConfigurationList;
			buildConfigurations = (
				02AE404C2C72B6B9007D9AC0 /* Debug */,
				02AE404D2C72B6B9007D9AC0 /* Release */,
			);
			defaultConfigurationIsVisible = 0;
			defaultConfigurationName = Release;
		};
/* End XCConfigurationList section */
	};
	rootObject = 02AE40172C72B6B7007D9AC0 /* Project object */;
}
